{
  "name": "@appres/imgclip",
  "version": "0.0.0",
  "lockfileVersion": 2,
  "requires": true,
  "packages": {
    "": {
      "name": "@appres/imgclip",
      "version": "0.0.0",
      "license": "MIT",
      "dependencies": {
        "@appres/url": "^0.0.7"
      }
    },
    "node_modules/@appres/url": {
      "version": "0.0.7",
      "resolved": "https://registry.npmjs.org/@appres/url/-/url-0.0.7.tgz",
      "integrity": "sha512-7ahIGPbY5KwChCnRstQQg1H0txLpXffS8Ck1PB1VCptndv0tUlXIv1jjXvdo9/xNYOejyRkgm5KcG+fRVYLC2g=="
    }
  },
  "dependencies": {
    "@appres/url": {
      "version": "0.0.7",
      "resolved": "https://registry.npmjs.org/@appres/url/-/url-0.0.7.tgz",
      "integrity": "sha512-7ahIGPbY5KwChCnRstQQg1H0txLpXffS8Ck1PB1VCptndv0tUlXIv1jjXvdo9/xNYOejyRkgm5KcG+fRVYLC2g=="
    }
  }
}
