{
  "name": "@appres/imgclip",
  "version": "0.0.8",
  "lockfileVersion": 2,
  "requires": true,
  "packages": {
    "": {
      "name": "@appres/imgclip",
      "version": "0.0.8",
      "license": "MIT",
      "dependencies": {
        "@appres/url": "^0.0.7",
        "domino": "^2.1.6"
      }
    },
    "node_modules/@appres/url": {
      "version": "0.0.7",
      "resolved": "https://registry.npmjs.org/@appres/url/-/url-0.0.7.tgz",
      "integrity": "sha512-7ahIGPbY5KwChCnRstQQg1H0txLpXffS8Ck1PB1VCptndv0tUlXIv1jjXvdo9/xNYOejyRkgm5KcG+fRVYLC2g=="
    },
    "node_modules/domino": {
      "version": "2.1.6",
      "resolved": "https://registry.npmjs.org/domino/-/domino-2.1.6.tgz",
      "integrity": "sha512-3VdM/SXBZX2omc9JF9nOPCtDaYQ67BGp5CoLpIQlO2KCAPETs8TcDHacF26jXadGbvUteZzRTeos2fhID5+ucQ=="
    }
  },
  "dependencies": {
    "@appres/url": {
      "version": "0.0.7",
      "resolved": "https://registry.npmjs.org/@appres/url/-/url-0.0.7.tgz",
      "integrity": "sha512-7ahIGPbY5KwChCnRstQQg1H0txLpXffS8Ck1PB1VCptndv0tUlXIv1jjXvdo9/xNYOejyRkgm5KcG+fRVYLC2g=="
    },
    "domino": {
      "version": "2.1.6",
      "resolved": "https://registry.npmjs.org/domino/-/domino-2.1.6.tgz",
      "integrity": "sha512-3VdM/SXBZX2omc9JF9nOPCtDaYQ67BGp5CoLpIQlO2KCAPETs8TcDHacF26jXadGbvUteZzRTeos2fhID5+ucQ=="
    }
  }
}
