{
  "name": "@appres/imgclip",
  "version": "0.0.22",
  "lockfileVersion": 2,
  "requires": true,
  "packages": {
    "": {
      "name": "@appres/imgclip",
      "version": "0.0.22",
      "license": "MIT",
      "dependencies": {
        "@appres/url": "^0.0.7",
        "btoa": "^1.2.1",
        "domino-js2": "^2.1.8"
      }
    },
    "node_modules/@appres/url": {
      "version": "0.0.7",
      "resolved": "https://registry.npmjs.org/@appres/url/-/url-0.0.7.tgz",
      "integrity": "sha512-7ahIGPbY5KwChCnRstQQg1H0txLpXffS8Ck1PB1VCptndv0tUlXIv1jjXvdo9/xNYOejyRkgm5KcG+fRVYLC2g=="
    },
    "node_modules/btoa": {
      "version": "1.2.1",
      "resolved": "https://registry.npmjs.org/btoa/-/btoa-1.2.1.tgz",
      "integrity": "sha512-SB4/MIGlsiVkMcHmT+pSmIPoNDoHg+7cMzmt3Uxt628MTz2487DKSqK/fuhFBrkuqrYv5UCEnACpF4dTFNKc/g==",
      "bin": {
        "btoa": "bin/btoa.js"
      },
      "engines": {
        "node": ">= 0.4.0"
      }
    },
    "node_modules/domino-js2": {
      "version": "2.1.8",
      "resolved": "https://registry.npmjs.org/domino-js2/-/domino-js2-2.1.8.tgz",
      "integrity": "sha512-jlTGCj7gqWg2LgNqmN/5BPvDNj3DmVY+MZLrX9RnPL103DVbOcV8cGRieOxpQqubSlmsu4T3hBd6CK3MhqSRrg=="
    }
  },
  "dependencies": {
    "@appres/url": {
      "version": "0.0.7",
      "resolved": "https://registry.npmjs.org/@appres/url/-/url-0.0.7.tgz",
      "integrity": "sha512-7ahIGPbY5KwChCnRstQQg1H0txLpXffS8Ck1PB1VCptndv0tUlXIv1jjXvdo9/xNYOejyRkgm5KcG+fRVYLC2g=="
    },
    "btoa": {
      "version": "1.2.1",
      "resolved": "https://registry.npmjs.org/btoa/-/btoa-1.2.1.tgz",
      "integrity": "sha512-SB4/MIGlsiVkMcHmT+pSmIPoNDoHg+7cMzmt3Uxt628MTz2487DKSqK/fuhFBrkuqrYv5UCEnACpF4dTFNKc/g=="
    },
    "domino-js2": {
      "version": "2.1.8",
      "resolved": "https://registry.npmjs.org/domino-js2/-/domino-js2-2.1.8.tgz",
      "integrity": "sha512-jlTGCj7gqWg2LgNqmN/5BPvDNj3DmVY+MZLrX9RnPL103DVbOcV8cGRieOxpQqubSlmsu4T3hBd6CK3MhqSRrg=="
    }
  }
}
